
Microsoft Visual Studio Solution File, Format Version 12.00
# Visual Studio Version 17
VisualStudioVersion = 17.14.36414.22
MinimumVisualStudioVersion = 10.0.40219.1
Project("{FAE04EC0-301F-11D3-BF4B-00C04F79EFBC}") = "SemanticKernelSampleAgent", "sample-agent\SemanticKernelSampleAgent.csproj", "{8CBB159F-2929-49A8-C300-E6F8194FB636}"
EndProject
Global
	GlobalSection(SolutionConfigurationPlatforms) = preSolution
		Debug|Any CPU = Debug|Any CPU
		Release|Any CPU = Release|Any CPU
	EndGlobalSection
	GlobalSection(ProjectConfigurationPlatforms) = postSolution
		{8CBB159F-2929-49A8-C300-E6F8194FB636}.Debug|Any CPU.ActiveCfg = Debug|Any CPU
		{8CBB159F-2929-49A8-C300-E6F8194FB636}.Debug|Any CPU.Build.0 = Debug|Any CPU
		{8CBB159F-2929-49A8-C300-E6F8194FB636}.Release|Any CPU.ActiveCfg = Release|Any CPU
		{8CBB159F-2929-49A8-C300-E6F8194FB636}.Release|Any CPU.Build.0 = Release|Any CPU
	EndGlobalSection
		{078F597E-9228-77C0-AF20-7263D67453FA}.Debug|x86.ActiveCfg = Debug|Any CPU
		{078F597E-9228-77C0-AF20-7263D67453FA}.Debug|x86.Build.0 = Debug|Any CPU
		{078F597E-9228-77C0-AF20-7263D67453FA}.Release|Any CPU.ActiveCfg = Release|Any CPU
		{078F597E-9228-77C0-AF20-7263D67453FA}.Release|Any CPU.Build.0 = Release|Any CPU
		{078F597E-9228-77C0-AF20-7263D67453FA}.Release|x64.ActiveCfg = Release|Any CPU
		{078F597E-9228-77C0-AF20-7263D67453FA}.Release|x64.Build.0 = Release|Any CPU
		{078F597E-9228-77C0-AF20-7263D67453FA}.Release|x86.ActiveCfg = Release|Any CPU
		{078F597E-9228-77C0-AF20-7263D67453FA}.Release|x86.Build.0 = Release|Any CPU
		{1F76CAEA-0FBC-4195-1981-F65729B75F67}.Debug|Any CPU.ActiveCfg = Debug|Any CPU
		{1F76CAEA-0FBC-4195-1981-F65729B75F67}.Debug|Any CPU.Build.0 = Debug|Any CPU
		{1F76CAEA-0FBC-4195-1981-F65729B75F67}.Debug|x64.ActiveCfg = Debug|Any CPU
		{1F76CAEA-0FBC-4195-1981-F65729B75F67}.Debug|x64.Build.0 = Debug|Any CPU
		{1F76CAEA-0FBC-4195-1981-F65729B75F67}.Debug|x86.ActiveCfg = Debug|Any CPU
		{1F76CAEA-0FBC-4195-1981-F65729B75F67}.Debug|x86.Build.0 = Debug|Any CPU
		{1F76CAEA-0FBC-4195-1981-F65729B75F67}.Release|Any CPU.ActiveCfg = Release|Any CPU
		{1F76CAEA-0FBC-4195-1981-F65729B75F67}.Release|Any CPU.Build.0 = Release|Any CPU
		{1F76CAEA-0FBC-4195-1981-F65729B75F67}.Release|x64.ActiveCfg = Release|Any CPU
		{1F76CAEA-0FBC-4195-1981-F65729B75F67}.Release|x64.Build.0 = Release|Any CPU
		{1F76CAEA-0FBC-4195-1981-F65729B75F67}.Release|x86.ActiveCfg = Release|Any CPU
		{1F76CAEA-0FBC-4195-1981-F65729B75F67}.Release|x86.Build.0 = Release|Any CPU
		{C33C52C9-A826-577A-0469-0281A78B90C7}.Debug|Any CPU.ActiveCfg = Debug|Any CPU
		{C33C52C9-A826-577A-0469-0281A78B90C7}.Debug|Any CPU.Build.0 = Debug|Any CPU
		{C33C52C9-A826-577A-0469-0281A78B90C7}.Debug|x64.ActiveCfg = Debug|Any CPU
		{C33C52C9-A826-577A-0469-0281A78B90C7}.Debug|x64.Build.0 = Debug|Any CPU
		{C33C52C9-A826-577A-0469-0281A78B90C7}.Debug|x86.ActiveCfg = Debug|Any CPU
		{C33C52C9-A826-577A-0469-0281A78B90C7}.Debug|x86.Build.0 = Debug|Any CPU
		{C33C52C9-A826-577A-0469-0281A78B90C7}.Release|Any CPU.ActiveCfg = Release|Any CPU
		{C33C52C9-A826-577A-0469-0281A78B90C7}.Release|Any CPU.Build.0 = Release|Any CPU
		{C33C52C9-A826-577A-0469-0281A78B90C7}.Release|x64.ActiveCfg = Release|Any CPU
		{C33C52C9-A826-577A-0469-0281A78B90C7}.Release|x64.Build.0 = Release|Any CPU
		{C33C52C9-A826-577A-0469-0281A78B90C7}.Release|x86.ActiveCfg = Release|Any CPU
		{C33C52C9-A826-577A-0469-0281A78B90C7}.Release|x86.Build.0 = Release|Any CPU
		{AB019292-8CD5-27DD-DC1E-966685219B7E}.Debug|Any CPU.ActiveCfg = Debug|Any CPU
		{AB019292-8CD5-27DD-DC1E-966685219B7E}.Debug|Any CPU.Build.0 = Debug|Any CPU
		{AB019292-8CD5-27DD-DC1E-966685219B7E}.Debug|x64.ActiveCfg = Debug|Any CPU
		{AB019292-8CD5-27DD-DC1E-966685219B7E}.Debug|x64.Build.0 = Debug|Any CPU
		{AB019292-8CD5-27DD-DC1E-966685219B7E}.Debug|x86.ActiveCfg = Debug|Any CPU
		{AB019292-8CD5-27DD-DC1E-966685219B7E}.Debug|x86.Build.0 = Debug|Any CPU
		{AB019292-8CD5-27DD-DC1E-966685219B7E}.Release|Any CPU.ActiveCfg = Release|Any CPU
		{AB019292-8CD5-27DD-DC1E-966685219B7E}.Release|Any CPU.Build.0 = Release|Any CPU
		{AB019292-8CD5-27DD-DC1E-966685219B7E}.Release|x64.ActiveCfg = Release|Any CPU
		{AB019292-8CD5-27DD-DC1E-966685219B7E}.Release|x64.Build.0 = Release|Any CPU
		{AB019292-8CD5-27DD-DC1E-966685219B7E}.Release|x86.ActiveCfg = Release|Any CPU
		{AB019292-8CD5-27DD-DC1E-966685219B7E}.Release|x86.Build.0 = Release|Any CPU
		{E25EA460-5B28-168F-ACA0-609FFA64BE95}.Debug|Any CPU.ActiveCfg = Debug|Any CPU
		{E25EA460-5B28-168F-ACA0-609FFA64BE95}.Debug|Any CPU.Build.0 = Debug|Any CPU
		{E25EA460-5B28-168F-ACA0-609FFA64BE95}.Debug|x64.ActiveCfg = Debug|Any CPU
		{E25EA460-5B28-168F-ACA0-609FFA64BE95}.Debug|x64.Build.0 = Debug|Any CPU
		{E25EA460-5B28-168F-ACA0-609FFA64BE95}.Debug|x86.ActiveCfg = Debug|Any CPU
		{E25EA460-5B28-168F-ACA0-609FFA64BE95}.Debug|x86.Build.0 = Debug|Any CPU
		{E25EA460-5B28-168F-ACA0-609FFA64BE95}.Release|Any CPU.ActiveCfg = Release|Any CPU
		{E25EA460-5B28-168F-ACA0-609FFA64BE95}.Release|Any CPU.Build.0 = Release|Any CPU
		{E25EA460-5B28-168F-ACA0-609FFA64BE95}.Release|x64.ActiveCfg = Release|Any CPU
		{E25EA460-5B28-168F-ACA0-609FFA64BE95}.Release|x64.Build.0 = Release|Any CPU
		{E25EA460-5B28-168F-ACA0-609FFA64BE95}.Release|x86.ActiveCfg = Release|Any CPU
		{E25EA460-5B28-168F-ACA0-609FFA64BE95}.Release|x86.Build.0 = Release|Any CPU
		{27166C56-3DE0-CC0E-3BE1-847318959244}.Debug|Any CPU.ActiveCfg = Debug|Any CPU
		{27166C56-3DE0-CC0E-3BE1-847318959244}.Debug|Any CPU.Build.0 = Debug|Any CPU
		{27166C56-3DE0-CC0E-3BE1-847318959244}.Debug|x64.ActiveCfg = Debug|Any CPU
		{27166C56-3DE0-CC0E-3BE1-847318959244}.Debug|x64.Build.0 = Debug|Any CPU
		{27166C56-3DE0-CC0E-3BE1-847318959244}.Debug|x86.ActiveCfg = Debug|Any CPU
		{27166C56-3DE0-CC0E-3BE1-847318959244}.Debug|x86.Build.0 = Debug|Any CPU
		{27166C56-3DE0-CC0E-3BE1-847318959244}.Release|Any CPU.ActiveCfg = Release|Any CPU
		{27166C56-3DE0-CC0E-3BE1-847318959244}.Release|Any CPU.Build.0 = Release|Any CPU
		{27166C56-3DE0-CC0E-3BE1-847318959244}.Release|x64.ActiveCfg = Release|Any CPU
		{27166C56-3DE0-CC0E-3BE1-847318959244}.Release|x64.Build.0 = Release|Any CPU
		{27166C56-3DE0-CC0E-3BE1-847318959244}.Release|x86.ActiveCfg = Release|Any CPU
		{27166C56-3DE0-CC0E-3BE1-847318959244}.Release|x86.Build.0 = Release|Any CPU
	EndGlobalSection
	GlobalSection(SolutionProperties) = preSolution
		HideSolutionNode = FALSE
	EndGlobalSection
	GlobalSection(ExtensibilityGlobals) = postSolution
		SolutionGuid = {4BB18351-B926-45B2-918B-D5E337BA126F}
	EndGlobalSection
EndGlobal
